
Microsoft Visual Studio Solution File, Format Version 12.00
# Visual Studio 15
VisualStudioVersion = 15.0.26124.0
MinimumVisualStudioVersion = 15.0.26124.0
Project("{FAE04EC0-301F-11D3-BF4B-00C04F79EFBC}") = "app", "app\app.csproj", "{86511D07-56D3-4C9F-9283-A6641CD3A17C}"
EndProject
Global
	GlobalSection(SolutionConfigurationPlatforms) = preSolution
		Debug|Any CPU = Debug|Any CPU
		Debug|x64 = Debug|x64
		Debug|x86 = Debug|x86
		Release|Any CPU = Release|Any CPU
		Release|x64 = Release|x64
		Release|x86 = Release|x86
	EndGlobalSection
	GlobalSection(SolutionProperties) = preSolution
		HideSolutionNode = FALSE
	EndGlobalSection
	GlobalSection(ProjectConfigurationPlatforms) = postSolution
		{86511D07-56D3-4C9F-9283-A6641CD3A17C}.Debug|Any CPU.ActiveCfg = Debug|Any CPU
		{86511D07-56D3-4C9F-9283-A6641CD3A17C}.Debug|Any CPU.Build.0 = Debug|Any CPU
		{86511D07-56D3-4C9F-9283-A6641CD3A17C}.Debug|x64.ActiveCfg = Debug|Any CPU
		{86511D07-56D3-4C9F-9283-A6641CD3A17C}.Debug|x64.Build.0 = Debug|Any CPU
		{86511D07-56D3-4C9F-9283-A6641CD3A17C}.Debug|x86.ActiveCfg = Debug|Any CPU
		{86511D07-56D3-4C9F-9283-A6641CD3A17C}.Debug|x86.Build.0 = Debug|Any CPU
		{86511D07-56D3-4C9F-9283-A6641CD3A17C}.Release|Any CPU.ActiveCfg = Release|Any CPU
		{86511D07-56D3-4C9F-9283-A6641CD3A17C}.Release|Any CPU.Build.0 = Release|Any CPU
		{86511D07-56D3-4C9F-9283-A6641CD3A17C}.Release|x64.ActiveCfg = Release|Any CPU
		{86511D07-56D3-4C9F-9283-A6641CD3A17C}.Release|x64.Build.0 = Release|Any CPU
		{86511D07-56D3-4C9F-9283-A6641CD3A17C}.Release|x86.ActiveCfg = Release|Any CPU
		{86511D07-56D3-4C9F-9283-A6641CD3A17C}.Release|x86.Build.0 = Release|Any CPU
	EndGlobalSection
EndGlobal
